
Microsoft Visual Studio Solution File, Format Version 12.00
# Visual Studio 14
VisualStudioVersion = 14.0.25420.1
MinimumVisualStudioVersion = 10.0.40219.1
Project("{FAE04EC0-301F-11D3-BF4B-00C04F79EFBC}") = "CacheProvider", "CacheProvider\CacheProvider.csproj", "{B8B50980-15FD-4983-9BA2-7F6392157985}"
EndProject
Project("{FAE04EC0-301F-11D3-BF4B-00C04F79EFBC}") = "CacheProvider.Tests", "CacheProvider.Tests\CacheProvider.Tests.csproj", "{3F78E5A1-087A-49CD-9F6E-3AF25D04BEAB}"
EndProject
Global
	GlobalSection(SolutionConfigurationPlatforms) = preSolution
		Debug|Any CPU = Debug|Any CPU
		Release|Any CPU = Release|Any CPU
	EndGlobalSection
	GlobalSection(ProjectConfigurationPlatforms) = postSolution
		{B8B50980-15FD-4983-9BA2-7F6392157985}.Debug|Any CPU.ActiveCfg = Debug|Any CPU
		{B8B50980-15FD-4983-9BA2-7F6392157985}.Debug|Any CPU.Build.0 = Debug|Any CPU
		{B8B50980-15FD-4983-9BA2-7F6392157985}.Release|Any CPU.ActiveCfg = Release|Any CPU
		{B8B50980-15FD-4983-9BA2-7F6392157985}.Release|Any CPU.Build.0 = Release|Any CPU
		{3F78E5A1-087A-49CD-9F6E-3AF25D04BEAB}.Debug|Any CPU.ActiveCfg = Debug|Any CPU
		{3F78E5A1-087A-49CD-9F6E-3AF25D04BEAB}.Debug|Any CPU.Build.0 = Debug|Any CPU
		{3F78E5A1-087A-49CD-9F6E-3AF25D04BEAB}.Release|Any CPU.ActiveCfg = Release|Any CPU
		{3F78E5A1-087A-49CD-9F6E-3AF25D04BEAB}.Release|Any CPU.Build.0 = Release|Any CPU
	EndGlobalSection
	GlobalSection(SolutionProperties) = preSolution
		HideSolutionNode = FALSE
	EndGlobalSection
EndGlobal
